
Microsoft Visual Studio Solution File, Format Version 12.00
# Visual Studio 14
VisualStudioVersion = 14.0.25420.1
MinimumVisualStudioVersion = 10.0.40219.1
Project("{FAE04EC0-301F-11D3-BF4B-00C04F79EFBC}") = "SyncServiceLib", "SyncServiceLib\SyncServiceLib.csproj", "{B1152373-5435-4344-A749-A083734B69DC}"
EndProject
Project("{FAE04EC0-301F-11D3-BF4B-00C04F79EFBC}") = "SyncSvcUtil", "tools\SyncSvcUtil\SyncSvcUtil.csproj", "{D592CC46-92EA-44A9-A5BE-97E9CA319B47}"
EndProject
Project("{FAE04EC0-301F-11D3-BF4B-00C04F79EFBC}") = "SyncSvcUtilUI", "tools\SyncSvcUtilUI\SyncSvcUtilUI.csproj", "{128210C9-E7B0-4D2E-984E-B473AA401188}"
EndProject
Project("{FAE04EC0-301F-11D3-BF4B-00C04F79EFBC}") = "AndroidClient", "AndroidClient\AndroidClient.csproj", "{3293AD1B-4310-48B8-88FC-293FBB6B27A5}"
EndProject
Project("{FAE04EC0-301F-11D3-BF4B-00C04F79EFBC}") = "Sync.Host", "Sync.Host\Sync.Host.csproj", "{4120EA3F-C67C-4A92-9D2A-91260A8E7EA6}"
EndProject
Project("{2150E333-8FDC-42A3-9474-1A3956D46DE8}") = "App", "App", "{B5D16BF8-7906-4779-B9AD-270F3416201D}"
EndProject
Project("{FAE04EC0-301F-11D3-BF4B-00C04F79EFBC}") = "TestSyncApp.Droid", "TestSyncApp\TestSyncApp.Droid\TestSyncApp.Droid.csproj", "{CC78B56D-3C81-4391-9438-A1824BFEC843}"
EndProject
Project("{FAE04EC0-301F-11D3-BF4B-00C04F79EFBC}") = "TestSyncApp.iOS", "TestSyncApp\TestSyncApp.iOS\TestSyncApp.iOS.csproj", "{1D2DB3DD-42D0-48DE-BF68-93487F327628}"
EndProject
Project("{FAE04EC0-301F-11D3-BF4B-00C04F79EFBC}") = "TestSyncApp.WinPhone", "TestSyncApp\TestSyncApp.WinPhone\TestSyncApp.WinPhone.csproj", "{60541543-AD76-4C5B-BF82-6D26FE5C790D}"
EndProject
Project("{FAE04EC0-301F-11D3-BF4B-00C04F79EFBC}") = "TestSyncApp.UWP", "TestSyncApp\TestSyncApp.UWP\TestSyncApp.UWP.csproj", "{9AC0481F-5703-4801-8ECB-A6847075C900}"
EndProject
Project("{FAE04EC0-301F-11D3-BF4B-00C04F79EFBC}") = "TestSyncApp.Windows", "TestSyncApp\TestSyncApp.Windows\TestSyncApp.Windows.csproj", "{A6741442-8449-4B82-BC98-F4BD400501EF}"
EndProject
Project("{FAE04EC0-301F-11D3-BF4B-00C04F79EFBC}") = "TestSyncApp", "TestSyncApp\TestSyncApp\TestSyncApp.csproj", "{D73F1DD2-1EEC-4900-A452-DC661F17C0E6}"
EndProject
Global
	GlobalSection(SolutionConfigurationPlatforms) = preSolution
		Ad-Hoc|Any CPU = Ad-Hoc|Any CPU
		Ad-Hoc|ARM = Ad-Hoc|ARM
		Ad-Hoc|iPhone = Ad-Hoc|iPhone
		Ad-Hoc|iPhoneSimulator = Ad-Hoc|iPhoneSimulator
		Ad-Hoc|Mixed Platforms = Ad-Hoc|Mixed Platforms
		Ad-Hoc|x64 = Ad-Hoc|x64
		Ad-Hoc|x86 = Ad-Hoc|x86
		AppStore|Any CPU = AppStore|Any CPU
		AppStore|ARM = AppStore|ARM
		AppStore|iPhone = AppStore|iPhone
		AppStore|iPhoneSimulator = AppStore|iPhoneSimulator
		AppStore|Mixed Platforms = AppStore|Mixed Platforms
		AppStore|x64 = AppStore|x64
		AppStore|x86 = AppStore|x86
		Debug|Any CPU = Debug|Any CPU
		Debug|ARM = Debug|ARM
		Debug|iPhone = Debug|iPhone
		Debug|iPhoneSimulator = Debug|iPhoneSimulator
		Debug|Mixed Platforms = Debug|Mixed Platforms
		Debug|x64 = Debug|x64
		Debug|x86 = Debug|x86
		Release|Any CPU = Release|Any CPU
		Release|ARM = Release|ARM
		Release|iPhone = Release|iPhone
		Release|iPhoneSimulator = Release|iPhoneSimulator
		Release|Mixed Platforms = Release|Mixed Platforms
		Release|x64 = Release|x64
		Release|x86 = Release|x86
	EndGlobalSection
	GlobalSection(ProjectConfigurationPlatforms) = postSolution
		{B1152373-5435-4344-A749-A083734B69DC}.Ad-Hoc|Any CPU.ActiveCfg = Release|Any CPU
		{B1152373-5435-4344-A749-A083734B69DC}.Ad-Hoc|Any CPU.Build.0 = Release|Any CPU
		{B1152373-5435-4344-A749-A083734B69DC}.Ad-Hoc|ARM.ActiveCfg = Debug|Any CPU
		{B1152373-5435-4344-A749-A083734B69DC}.Ad-Hoc|iPhone.ActiveCfg = Release|Any CPU
		{B1152373-5435-4344-A749-A083734B69DC}.Ad-Hoc|iPhoneSimulator.ActiveCfg = Release|Any CPU
		{B1152373-5435-4344-A749-A083734B69DC}.Ad-Hoc|Mixed Platforms.ActiveCfg = Release|Any CPU
		{B1152373-5435-4344-A749-A083734B69DC}.Ad-Hoc|Mixed Platforms.Build.0 = Release|Any CPU
		{B1152373-5435-4344-A749-A083734B69DC}.Ad-Hoc|x64.ActiveCfg = Debug|Any CPU
		{B1152373-5435-4344-A749-A083734B69DC}.Ad-Hoc|x64.Build.0 = Debug|Any CPU
		{B1152373-5435-4344-A749-A083734B69DC}.Ad-Hoc|x86.ActiveCfg = Release|Any CPU
		{B1152373-5435-4344-A749-A083734B69DC}.AppStore|Any CPU.ActiveCfg = Release|Any CPU
		{B1152373-5435-4344-A749-A083734B69DC}.AppStore|Any CPU.Build.0 = Release|Any CPU
		{B1152373-5435-4344-A749-A083734B69DC}.AppStore|ARM.ActiveCfg = Debug|Any CPU
		{B1152373-5435-4344-A749-A083734B69DC}.AppStore|iPhone.ActiveCfg = Release|Any CPU
		{B1152373-5435-4344-A749-A083734B69DC}.AppStore|iPhoneSimulator.ActiveCfg = Release|Any CPU
		{B1152373-5435-4344-A749-A083734B69DC}.AppStore|Mixed Platforms.ActiveCfg = Release|Any CPU
		{B1152373-5435-4344-A749-A083734B69DC}.AppStore|Mixed Platforms.Build.0 = Release|Any CPU
		{B1152373-5435-4344-A749-A083734B69DC}.AppStore|x64.ActiveCfg = Debug|Any CPU
		{B1152373-5435-4344-A749-A083734B69DC}.AppStore|x64.Build.0 = Debug|Any CPU
		{B1152373-5435-4344-A749-A083734B69DC}.AppStore|x86.ActiveCfg = Release|Any CPU
		{B1152373-5435-4344-A749-A083734B69DC}.Debug|Any CPU.ActiveCfg = Debug|Any CPU
		{B1152373-5435-4344-A749-A083734B69DC}.Debug|Any CPU.Build.0 = Debug|Any CPU
		{B1152373-5435-4344-A749-A083734B69DC}.Debug|ARM.ActiveCfg = Debug|Any CPU
		{B1152373-5435-4344-A749-A083734B69DC}.Debug|iPhone.ActiveCfg = Debug|Any CPU
		{B1152373-5435-4344-A749-A083734B69DC}.Debug|iPhoneSimulator.ActiveCfg = Debug|Any CPU
		{B1152373-5435-4344-A749-A083734B69DC}.Debug|Mixed Platforms.ActiveCfg = Debug|Any CPU
		{B1152373-5435-4344-A749-A083734B69DC}.Debug|Mixed Platforms.Build.0 = Debug|Any CPU
		{B1152373-5435-4344-A749-A083734B69DC}.Debug|x64.ActiveCfg = Debug|Any CPU
		{B1152373-5435-4344-A749-A083734B69DC}.Debug|x64.Build.0 = Debug|Any CPU
		{B1152373-5435-4344-A749-A083734B69DC}.Debug|x86.ActiveCfg = Debug|Any CPU
		{B1152373-5435-4344-A749-A083734B69DC}.Release|Any CPU.ActiveCfg = Release|Any CPU
		{B1152373-5435-4344-A749-A083734B69DC}.Release|Any CPU.Build.0 = Release|Any CPU
		{B1152373-5435-4344-A749-A083734B69DC}.Release|ARM.ActiveCfg = Release|Any CPU
		{B1152373-5435-4344-A749-A083734B69DC}.Release|iPhone.ActiveCfg = Release|Any CPU
		{B1152373-5435-4344-A749-A083734B69DC}.Release|iPhoneSimulator.ActiveCfg = Release|Any CPU
		{B1152373-5435-4344-A749-A083734B69DC}.Release|Mixed Platforms.ActiveCfg = Release|Any CPU
		{B1152373-5435-4344-A749-A083734B69DC}.Release|Mixed Platforms.Build.0 = Release|Any CPU
		{B1152373-5435-4344-A749-A083734B69DC}.Release|x64.ActiveCfg = Release|Any CPU
		{B1152373-5435-4344-A749-A083734B69DC}.Release|x64.Build.0 = Release|Any CPU
		{B1152373-5435-4344-A749-A083734B69DC}.Release|x86.ActiveCfg = Release|Any CPU
		{D592CC46-92EA-44A9-A5BE-97E9CA319B47}.Ad-Hoc|Any CPU.ActiveCfg = Release|x86
		{D592CC46-92EA-44A9-A5BE-97E9CA319B47}.Ad-Hoc|ARM.ActiveCfg = Debug|x86
		{D592CC46-92EA-44A9-A5BE-97E9CA319B47}.Ad-Hoc|iPhone.ActiveCfg = Release|x86
		{D592CC46-92EA-44A9-A5BE-97E9CA319B47}.Ad-Hoc|iPhoneSimulator.ActiveCfg = Release|x86
		{D592CC46-92EA-44A9-A5BE-97E9CA319B47}.Ad-Hoc|Mixed Platforms.ActiveCfg = Release|x86
		{D592CC46-92EA-44A9-A5BE-97E9CA319B47}.Ad-Hoc|Mixed Platforms.Build.0 = Release|x86
		{D592CC46-92EA-44A9-A5BE-97E9CA319B47}.Ad-Hoc|x64.ActiveCfg = Debug|x86
		{D592CC46-92EA-44A9-A5BE-97E9CA319B47}.Ad-Hoc|x64.Build.0 = Debug|x86
		{D592CC46-92EA-44A9-A5BE-97E9CA319B47}.Ad-Hoc|x86.ActiveCfg = Release|x86
		{D592CC46-92EA-44A9-A5BE-97E9CA319B47}.Ad-Hoc|x86.Build.0 = Release|x86
		{D592CC46-92EA-44A9-A5BE-97E9CA319B47}.AppStore|Any CPU.ActiveCfg = Release|x86
		{D592CC46-92EA-44A9-A5BE-97E9CA319B47}.AppStore|ARM.ActiveCfg = Debug|x86
		{D592CC46-92EA-44A9-A5BE-97E9CA319B47}.AppStore|iPhone.ActiveCfg = Release|x86
		{D592CC46-92EA-44A9-A5BE-97E9CA319B47}.AppStore|iPhoneSimulator.ActiveCfg = Release|x86
		{D592CC46-92EA-44A9-A5BE-97E9CA319B47}.AppStore|Mixed Platforms.ActiveCfg = Release|x86
		{D592CC46-92EA-44A9-A5BE-97E9CA319B47}.AppStore|Mixed Platforms.Build.0 = Release|x86
		{D592CC46-92EA-44A9-A5BE-97E9CA319B47}.AppStore|x64.ActiveCfg = Debug|x86
		{D592CC46-92EA-44A9-A5BE-97E9CA319B47}.AppStore|x64.Build.0 = Debug|x86
		{D592CC46-92EA-44A9-A5BE-97E9CA319B47}.AppStore|x86.ActiveCfg = Release|x86
		{D592CC46-92EA-44A9-A5BE-97E9CA319B47}.AppStore|x86.Build.0 = Release|x86
		{D592CC46-92EA-44A9-A5BE-97E9CA319B47}.Debug|Any CPU.ActiveCfg = Debug|x86
		{D592CC46-92EA-44A9-A5BE-97E9CA319B47}.Debug|ARM.ActiveCfg = Debug|x86
		{D592CC46-92EA-44A9-A5BE-97E9CA319B47}.Debug|iPhone.ActiveCfg = Debug|x86
		{D592CC46-92EA-44A9-A5BE-97E9CA319B47}.Debug|iPhoneSimulator.ActiveCfg = Debug|x86
		{D592CC46-92EA-44A9-A5BE-97E9CA319B47}.Debug|Mixed Platforms.ActiveCfg = Debug|x86
		{D592CC46-92EA-44A9-A5BE-97E9CA319B47}.Debug|Mixed Platforms.Build.0 = Debug|x86
		{D592CC46-92EA-44A9-A5BE-97E9CA319B47}.Debug|x64.ActiveCfg = Debug|x86
		{D592CC46-92EA-44A9-A5BE-97E9CA319B47}.Debug|x86.ActiveCfg = Debug|x86
		{D592CC46-92EA-44A9-A5BE-97E9CA319B47}.Debug|x86.Build.0 = Debug|x86
		{D592CC46-92EA-44A9-A5BE-97E9CA319B47}.Release|Any CPU.ActiveCfg = Release|x86
		{D592CC46-92EA-44A9-A5BE-97E9CA319B47}.Release|ARM.ActiveCfg = Release|x86
		{D592CC46-92EA-44A9-A5BE-97E9CA319B47}.Release|iPhone.ActiveCfg = Release|x86
		{D592CC46-92EA-44A9-A5BE-97E9CA319B47}.Release|iPhoneSimulator.ActiveCfg = Release|x86
		{D592CC46-92EA-44A9-A5BE-97E9CA319B47}.Release|Mixed Platforms.ActiveCfg = Release|x86
		{D592CC46-92EA-44A9-A5BE-97E9CA319B47}.Release|Mixed Platforms.Build.0 = Release|x86
		{D592CC46-92EA-44A9-A5BE-97E9CA319B47}.Release|x64.ActiveCfg = Release|x86
		{D592CC46-92EA-44A9-A5BE-97E9CA319B47}.Release|x86.ActiveCfg = Release|x86
		{D592CC46-92EA-44A9-A5BE-97E9CA319B47}.Release|x86.Build.0 = Release|x86
		{128210C9-E7B0-4D2E-984E-B473AA401188}.Ad-Hoc|Any CPU.ActiveCfg = Release|Any CPU
		{128210C9-E7B0-4D2E-984E-B473AA401188}.Ad-Hoc|Any CPU.Build.0 = Release|Any CPU
		{128210C9-E7B0-4D2E-984E-B473AA401188}.Ad-Hoc|ARM.ActiveCfg = Debug|Any CPU
		{128210C9-E7B0-4D2E-984E-B473AA401188}.Ad-Hoc|iPhone.ActiveCfg = Release|Any CPU
		{128210C9-E7B0-4D2E-984E-B473AA401188}.Ad-Hoc|iPhoneSimulator.ActiveCfg = Release|Any CPU
		{128210C9-E7B0-4D2E-984E-B473AA401188}.Ad-Hoc|Mixed Platforms.ActiveCfg = Release|Any CPU
		{128210C9-E7B0-4D2E-984E-B473AA401188}.Ad-Hoc|Mixed Platforms.Build.0 = Release|Any CPU
		{128210C9-E7B0-4D2E-984E-B473AA401188}.Ad-Hoc|x64.ActiveCfg = Debug|Any CPU
		{128210C9-E7B0-4D2E-984E-B473AA401188}.Ad-Hoc|x64.Build.0 = Debug|Any CPU
		{128210C9-E7B0-4D2E-984E-B473AA401188}.Ad-Hoc|x86.ActiveCfg = Release|Any CPU
		{128210C9-E7B0-4D2E-984E-B473AA401188}.AppStore|Any CPU.ActiveCfg = Release|Any CPU
		{128210C9-E7B0-4D2E-984E-B473AA401188}.AppStore|Any CPU.Build.0 = Release|Any CPU
		{128210C9-E7B0-4D2E-984E-B473AA401188}.AppStore|ARM.ActiveCfg = Debug|Any CPU
		{128210C9-E7B0-4D2E-984E-B473AA401188}.AppStore|iPhone.ActiveCfg = Release|Any CPU
		{128210C9-E7B0-4D2E-984E-B473AA401188}.AppStore|iPhoneSimulator.ActiveCfg = Release|Any CPU
		{128210C9-E7B0-4D2E-984E-B473AA401188}.AppStore|Mixed Platforms.ActiveCfg = Release|Any CPU
		{128210C9-E7B0-4D2E-984E-B473AA401188}.AppStore|Mixed Platforms.Build.0 = Release|Any CPU
		{128210C9-E7B0-4D2E-984E-B473AA401188}.AppStore|x64.ActiveCfg = Debug|Any CPU
		{128210C9-E7B0-4D2E-984E-B473AA401188}.AppStore|x64.Build.0 = Debug|Any CPU
		{128210C9-E7B0-4D2E-984E-B473AA401188}.AppStore|x86.ActiveCfg = Release|Any CPU
		{128210C9-E7B0-4D2E-984E-B473AA401188}.Debug|Any CPU.ActiveCfg = Debug|Any CPU
		{128210C9-E7B0-4D2E-984E-B473AA401188}.Debug|Any CPU.Build.0 = Debug|Any CPU
		{128210C9-E7B0-4D2E-984E-B473AA401188}.Debug|ARM.ActiveCfg = Debug|Any CPU
		{128210C9-E7B0-4D2E-984E-B473AA401188}.Debug|iPhone.ActiveCfg = Debug|Any CPU
		{128210C9-E7B0-4D2E-984E-B473AA401188}.Debug|iPhoneSimulator.ActiveCfg = Debug|Any CPU
		{128210C9-E7B0-4D2E-984E-B473AA401188}.Debug|Mixed Platforms.ActiveCfg = Debug|Any CPU
		{128210C9-E7B0-4D2E-984E-B473AA401188}.Debug|Mixed Platforms.Build.0 = Debug|Any CPU
		{128210C9-E7B0-4D2E-984E-B473AA401188}.Debug|x64.ActiveCfg = Debug|Any CPU
		{128210C9-E7B0-4D2E-984E-B473AA401188}.Debug|x64.Build.0 = Debug|Any CPU
		{128210C9-E7B0-4D2E-984E-B473AA401188}.Debug|x86.ActiveCfg = Debug|Any CPU
		{128210C9-E7B0-4D2E-984E-B473AA401188}.Release|Any CPU.ActiveCfg = Release|Any CPU
		{128210C9-E7B0-4D2E-984E-B473AA401188}.Release|Any CPU.Build.0 = Release|Any CPU
		{128210C9-E7B0-4D2E-984E-B473AA401188}.Release|ARM.ActiveCfg = Release|Any CPU
		{128210C9-E7B0-4D2E-984E-B473AA401188}.Release|iPhone.ActiveCfg = Release|Any CPU
		{128210C9-E7B0-4D2E-984E-B473AA401188}.Release|iPhoneSimulator.ActiveCfg = Release|Any CPU
		{128210C9-E7B0-4D2E-984E-B473AA401188}.Release|Mixed Platforms.ActiveCfg = Release|Any CPU
		{128210C9-E7B0-4D2E-984E-B473AA401188}.Release|Mixed Platforms.Build.0 = Release|Any CPU
		{128210C9-E7B0-4D2E-984E-B473AA401188}.Release|x64.ActiveCfg = Release|Any CPU
		{128210C9-E7B0-4D2E-984E-B473AA401188}.Release|x64.Build.0 = Release|Any CPU
		{128210C9-E7B0-4D2E-984E-B473AA401188}.Release|x86.ActiveCfg = Release|Any CPU
		{3293AD1B-4310-48B8-88FC-293FBB6B27A5}.Ad-Hoc|Any CPU.ActiveCfg = Release|Any CPU
		{3293AD1B-4310-48B8-88FC-293FBB6B27A5}.Ad-Hoc|Any CPU.Build.0 = Release|Any CPU
		{3293AD1B-4310-48B8-88FC-293FBB6B27A5}.Ad-Hoc|ARM.ActiveCfg = Debug|Any CPU
		{3293AD1B-4310-48B8-88FC-293FBB6B27A5}.Ad-Hoc|iPhone.ActiveCfg = Release|Any CPU
		{3293AD1B-4310-48B8-88FC-293FBB6B27A5}.Ad-Hoc|iPhoneSimulator.ActiveCfg = Release|Any CPU
		{3293AD1B-4310-48B8-88FC-293FBB6B27A5}.Ad-Hoc|Mixed Platforms.ActiveCfg = Release|Any CPU
		{3293AD1B-4310-48B8-88FC-293FBB6B27A5}.Ad-Hoc|Mixed Platforms.Build.0 = Release|Any CPU
		{3293AD1B-4310-48B8-88FC-293FBB6B27A5}.Ad-Hoc|x64.ActiveCfg = Debug|Any CPU
		{3293AD1B-4310-48B8-88FC-293FBB6B27A5}.Ad-Hoc|x64.Build.0 = Debug|Any CPU
		{3293AD1B-4310-48B8-88FC-293FBB6B27A5}.Ad-Hoc|x86.ActiveCfg = Release|Any CPU
		{3293AD1B-4310-48B8-88FC-293FBB6B27A5}.AppStore|Any CPU.ActiveCfg = Release|Any CPU
		{3293AD1B-4310-48B8-88FC-293FBB6B27A5}.AppStore|Any CPU.Build.0 = Release|Any CPU
		{3293AD1B-4310-48B8-88FC-293FBB6B27A5}.AppStore|ARM.ActiveCfg = Debug|Any CPU
		{3293AD1B-4310-48B8-88FC-293FBB6B27A5}.AppStore|iPhone.ActiveCfg = Release|Any CPU
		{3293AD1B-4310-48B8-88FC-293FBB6B27A5}.AppStore|iPhoneSimulator.ActiveCfg = Release|Any CPU
		{3293AD1B-4310-48B8-88FC-293FBB6B27A5}.AppStore|Mixed Platforms.ActiveCfg = Release|Any CPU
		{3293AD1B-4310-48B8-88FC-293FBB6B27A5}.AppStore|Mixed Platforms.Build.0 = Release|Any CPU
		{3293AD1B-4310-48B8-88FC-293FBB6B27A5}.AppStore|x64.ActiveCfg = Debug|Any CPU
		{3293AD1B-4310-48B8-88FC-293FBB6B27A5}.AppStore|x64.Build.0 = Debug|Any CPU
		{3293AD1B-4310-48B8-88FC-293FBB6B27A5}.AppStore|x86.ActiveCfg = Release|Any CPU
		{3293AD1B-4310-48B8-88FC-293FBB6B27A5}.Debug|Any CPU.ActiveCfg = Debug|Any CPU
		{3293AD1B-4310-48B8-88FC-293FBB6B27A5}.Debug|Any CPU.Build.0 = Debug|Any CPU
		{3293AD1B-4310-48B8-88FC-293FBB6B27A5}.Debug|ARM.ActiveCfg = Debug|Any CPU
		{3293AD1B-4310-48B8-88FC-293FBB6B27A5}.Debug|iPhone.ActiveCfg = Debug|Any CPU
		{3293AD1B-4310-48B8-88FC-293FBB6B27A5}.Debug|iPhoneSimulator.ActiveCfg = Debug|Any CPU
		{3293AD1B-4310-48B8-88FC-293FBB6B27A5}.Debug|Mixed Platforms.ActiveCfg = Debug|Any CPU
		{3293AD1B-4310-48B8-88FC-293FBB6B27A5}.Debug|Mixed Platforms.Build.0 = Debug|Any CPU
		{3293AD1B-4310-48B8-88FC-293FBB6B27A5}.Debug|x64.ActiveCfg = Debug|Any CPU
		{3293AD1B-4310-48B8-88FC-293FBB6B27A5}.Debug|x64.Build.0 = Debug|Any CPU
		{3293AD1B-4310-48B8-88FC-293FBB6B27A5}.Debug|x86.ActiveCfg = Debug|Any CPU
		{3293AD1B-4310-48B8-88FC-293FBB6B27A5}.Release|Any CPU.ActiveCfg = Release|Any CPU
		{3293AD1B-4310-48B8-88FC-293FBB6B27A5}.Release|Any CPU.Build.0 = Release|Any CPU
		{3293AD1B-4310-48B8-88FC-293FBB6B27A5}.Release|ARM.ActiveCfg = Release|Any CPU
		{3293AD1B-4310-48B8-88FC-293FBB6B27A5}.Release|iPhone.ActiveCfg = Release|Any CPU
		{3293AD1B-4310-48B8-88FC-293FBB6B27A5}.Release|iPhoneSimulator.ActiveCfg = Release|Any CPU
		{3293AD1B-4310-48B8-88FC-293FBB6B27A5}.Release|Mixed Platforms.ActiveCfg = Release|Any CPU
		{3293AD1B-4310-48B8-88FC-293FBB6B27A5}.Release|Mixed Platforms.Build.0 = Release|Any CPU
		{3293AD1B-4310-48B8-88FC-293FBB6B27A5}.Release|x64.ActiveCfg = Release|Any CPU
		{3293AD1B-4310-48B8-88FC-293FBB6B27A5}.Release|x64.Build.0 = Release|Any CPU
		{3293AD1B-4310-48B8-88FC-293FBB6B27A5}.Release|x86.ActiveCfg = Release|Any CPU
		{4120EA3F-C67C-4A92-9D2A-91260A8E7EA6}.Ad-Hoc|Any CPU.ActiveCfg = Release|Any CPU
		{4120EA3F-C67C-4A92-9D2A-91260A8E7EA6}.Ad-Hoc|Any CPU.Build.0 = Release|Any CPU
		{4120EA3F-C67C-4A92-9D2A-91260A8E7EA6}.Ad-Hoc|ARM.ActiveCfg = Release|Any CPU
		{4120EA3F-C67C-4A92-9D2A-91260A8E7EA6}.Ad-Hoc|ARM.Build.0 = Release|Any CPU
		{4120EA3F-C67C-4A92-9D2A-91260A8E7EA6}.Ad-Hoc|iPhone.ActiveCfg = Release|Any CPU
		{4120EA3F-C67C-4A92-9D2A-91260A8E7EA6}.Ad-Hoc|iPhone.Build.0 = Release|Any CPU
		{4120EA3F-C67C-4A92-9D2A-91260A8E7EA6}.Ad-Hoc|iPhoneSimulator.ActiveCfg = Release|Any CPU
		{4120EA3F-C67C-4A92-9D2A-91260A8E7EA6}.Ad-Hoc|iPhoneSimulator.Build.0 = Release|Any CPU
		{4120EA3F-C67C-4A92-9D2A-91260A8E7EA6}.Ad-Hoc|Mixed Platforms.ActiveCfg = Release|Any CPU
		{4120EA3F-C67C-4A92-9D2A-91260A8E7EA6}.Ad-Hoc|Mixed Platforms.Build.0 = Release|Any CPU
		{4120EA3F-C67C-4A92-9D2A-91260A8E7EA6}.Ad-Hoc|x64.ActiveCfg = Debug|Any CPU
		{4120EA3F-C67C-4A92-9D2A-91260A8E7EA6}.Ad-Hoc|x64.Build.0 = Debug|Any CPU
		{4120EA3F-C67C-4A92-9D2A-91260A8E7EA6}.Ad-Hoc|x86.ActiveCfg = Release|Any CPU
		{4120EA3F-C67C-4A92-9D2A-91260A8E7EA6}.Ad-Hoc|x86.Build.0 = Release|Any CPU
		{4120EA3F-C67C-4A92-9D2A-91260A8E7EA6}.AppStore|Any CPU.ActiveCfg = Release|Any CPU
		{4120EA3F-C67C-4A92-9D2A-91260A8E7EA6}.AppStore|Any CPU.Build.0 = Release|Any CPU
		{4120EA3F-C67C-4A92-9D2A-91260A8E7EA6}.AppStore|ARM.ActiveCfg = Release|Any CPU
		{4120EA3F-C67C-4A92-9D2A-91260A8E7EA6}.AppStore|ARM.Build.0 = Release|Any CPU
		{4120EA3F-C67C-4A92-9D2A-91260A8E7EA6}.AppStore|iPhone.ActiveCfg = Release|Any CPU
		{4120EA3F-C67C-4A92-9D2A-91260A8E7EA6}.AppStore|iPhone.Build.0 = Release|Any CPU
		{4120EA3F-C67C-4A92-9D2A-91260A8E7EA6}.AppStore|iPhoneSimulator.ActiveCfg = Release|Any CPU
		{4120EA3F-C67C-4A92-9D2A-91260A8E7EA6}.AppStore|iPhoneSimulator.Build.0 = Release|Any CPU
		{4120EA3F-C67C-4A92-9D2A-91260A8E7EA6}.AppStore|Mixed Platforms.ActiveCfg = Release|Any CPU
		{4120EA3F-C67C-4A92-9D2A-91260A8E7EA6}.AppStore|Mixed Platforms.Build.0 = Release|Any CPU
		{4120EA3F-C67C-4A92-9D2A-91260A8E7EA6}.AppStore|x64.ActiveCfg = Debug|Any CPU
		{4120EA3F-C67C-4A92-9D2A-91260A8E7EA6}.AppStore|x64.Build.0 = Debug|Any CPU
		{4120EA3F-C67C-4A92-9D2A-91260A8E7EA6}.AppStore|x86.ActiveCfg = Release|Any CPU
		{4120EA3F-C67C-4A92-9D2A-91260A8E7EA6}.AppStore|x86.Build.0 = Release|Any CPU
		{4120EA3F-C67C-4A92-9D2A-91260A8E7EA6}.Debug|Any CPU.ActiveCfg = Debug|Any CPU
		{4120EA3F-C67C-4A92-9D2A-91260A8E7EA6}.Debug|Any CPU.Build.0 = Debug|Any CPU
		{4120EA3F-C67C-4A92-9D2A-91260A8E7EA6}.Debug|ARM.ActiveCfg = Debug|Any CPU
		{4120EA3F-C67C-4A92-9D2A-91260A8E7EA6}.Debug|ARM.Build.0 = Debug|Any CPU
		{4120EA3F-C67C-4A92-9D2A-91260A8E7EA6}.Debug|iPhone.ActiveCfg = Debug|Any CPU
		{4120EA3F-C67C-4A92-9D2A-91260A8E7EA6}.Debug|iPhone.Build.0 = Debug|Any CPU
		{4120EA3F-C67C-4A92-9D2A-91260A8E7EA6}.Debug|iPhoneSimulator.ActiveCfg = Debug|Any CPU
		{4120EA3F-C67C-4A92-9D2A-91260A8E7EA6}.Debug|iPhoneSimulator.Build.0 = Debug|Any CPU
		{4120EA3F-C67C-4A92-9D2A-91260A8E7EA6}.Debug|Mixed Platforms.ActiveCfg = Debug|Any CPU
		{4120EA3F-C67C-4A92-9D2A-91260A8E7EA6}.Debug|Mixed Platforms.Build.0 = Debug|Any CPU
		{4120EA3F-C67C-4A92-9D2A-91260A8E7EA6}.Debug|x64.ActiveCfg = Debug|Any CPU
		{4120EA3F-C67C-4A92-9D2A-91260A8E7EA6}.Debug|x64.Build.0 = Debug|Any CPU
		{4120EA3F-C67C-4A92-9D2A-91260A8E7EA6}.Debug|x86.ActiveCfg = Debug|Any CPU
		{4120EA3F-C67C-4A92-9D2A-91260A8E7EA6}.Debug|x86.Build.0 = Debug|Any CPU
		{4120EA3F-C67C-4A92-9D2A-91260A8E7EA6}.Release|Any CPU.ActiveCfg = Release|Any CPU
		{4120EA3F-C67C-4A92-9D2A-91260A8E7EA6}.Release|Any CPU.Build.0 = Release|Any CPU
		{4120EA3F-C67C-4A92-9D2A-91260A8E7EA6}.Release|ARM.ActiveCfg = Release|Any CPU
		{4120EA3F-C67C-4A92-9D2A-91260A8E7EA6}.Release|ARM.Build.0 = Release|Any CPU
		{4120EA3F-C67C-4A92-9D2A-91260A8E7EA6}.Release|iPhone.ActiveCfg = Release|Any CPU
		{4120EA3F-C67C-4A92-9D2A-91260A8E7EA6}.Release|iPhone.Build.0 = Release|Any CPU
		{4120EA3F-C67C-4A92-9D2A-91260A8E7EA6}.Release|iPhoneSimulator.ActiveCfg = Release|Any CPU
		{4120EA3F-C67C-4A92-9D2A-91260A8E7EA6}.Release|iPhoneSimulator.Build.0 = Release|Any CPU
		{4120EA3F-C67C-4A92-9D2A-91260A8E7EA6}.Release|Mixed Platforms.ActiveCfg = Release|Any CPU
		{4120EA3F-C67C-4A92-9D2A-91260A8E7EA6}.Release|Mixed Platforms.Build.0 = Release|Any CPU
		{4120EA3F-C67C-4A92-9D2A-91260A8E7EA6}.Release|x64.ActiveCfg = Release|Any CPU
		{4120EA3F-C67C-4A92-9D2A-91260A8E7EA6}.Release|x64.Build.0 = Release|Any CPU
		{4120EA3F-C67C-4A92-9D2A-91260A8E7EA6}.Release|x86.ActiveCfg = Release|Any CPU
		{4120EA3F-C67C-4A92-9D2A-91260A8E7EA6}.Release|x86.Build.0 = Release|Any CPU
		{CC78B56D-3C81-4391-9438-A1824BFEC843}.Ad-Hoc|Any CPU.ActiveCfg = Release|Any CPU
		{CC78B56D-3C81-4391-9438-A1824BFEC843}.Ad-Hoc|Any CPU.Build.0 = Release|Any CPU
		{CC78B56D-3C81-4391-9438-A1824BFEC843}.Ad-Hoc|Any CPU.Deploy.0 = Release|Any CPU
		{CC78B56D-3C81-4391-9438-A1824BFEC843}.Ad-Hoc|ARM.ActiveCfg = Release|Any CPU
		{CC78B56D-3C81-4391-9438-A1824BFEC843}.Ad-Hoc|ARM.Build.0 = Release|Any CPU
		{CC78B56D-3C81-4391-9438-A1824BFEC843}.Ad-Hoc|ARM.Deploy.0 = Release|Any CPU
		{CC78B56D-3C81-4391-9438-A1824BFEC843}.Ad-Hoc|iPhone.ActiveCfg = Release|Any CPU
		{CC78B56D-3C81-4391-9438-A1824BFEC843}.Ad-Hoc|iPhone.Build.0 = Release|Any CPU
		{CC78B56D-3C81-4391-9438-A1824BFEC843}.Ad-Hoc|iPhone.Deploy.0 = Release|Any CPU
		{CC78B56D-3C81-4391-9438-A1824BFEC843}.Ad-Hoc|iPhoneSimulator.ActiveCfg = Release|Any CPU
		{CC78B56D-3C81-4391-9438-A1824BFEC843}.Ad-Hoc|iPhoneSimulator.Build.0 = Release|Any CPU
		{CC78B56D-3C81-4391-9438-A1824BFEC843}.Ad-Hoc|iPhoneSimulator.Deploy.0 = Release|Any CPU
		{CC78B56D-3C81-4391-9438-A1824BFEC843}.Ad-Hoc|Mixed Platforms.ActiveCfg = Release|Any CPU
		{CC78B56D-3C81-4391-9438-A1824BFEC843}.Ad-Hoc|Mixed Platforms.Build.0 = Release|Any CPU
		{CC78B56D-3C81-4391-9438-A1824BFEC843}.Ad-Hoc|Mixed Platforms.Deploy.0 = Release|Any CPU
		{CC78B56D-3C81-4391-9438-A1824BFEC843}.Ad-Hoc|x64.ActiveCfg = Release|Any CPU
		{CC78B56D-3C81-4391-9438-A1824BFEC843}.Ad-Hoc|x64.Build.0 = Release|Any CPU
		{CC78B56D-3C81-4391-9438-A1824BFEC843}.Ad-Hoc|x64.Deploy.0 = Release|Any CPU
		{CC78B56D-3C81-4391-9438-A1824BFEC843}.Ad-Hoc|x86.ActiveCfg = Release|Any CPU
		{CC78B56D-3C81-4391-9438-A1824BFEC843}.Ad-Hoc|x86.Build.0 = Release|Any CPU
		{CC78B56D-3C81-4391-9438-A1824BFEC843}.Ad-Hoc|x86.Deploy.0 = Release|Any CPU
		{CC78B56D-3C81-4391-9438-A1824BFEC843}.AppStore|Any CPU.ActiveCfg = Release|Any CPU
		{CC78B56D-3C81-4391-9438-A1824BFEC843}.AppStore|Any CPU.Build.0 = Release|Any CPU
		{CC78B56D-3C81-4391-9438-A1824BFEC843}.AppStore|Any CPU.Deploy.0 = Release|Any CPU
		{CC78B56D-3C81-4391-9438-A1824BFEC843}.AppStore|ARM.ActiveCfg = Release|Any CPU
		{CC78B56D-3C81-4391-9438-A1824BFEC843}.AppStore|ARM.Build.0 = Release|Any CPU
		{CC78B56D-3C81-4391-9438-A1824BFEC843}.AppStore|ARM.Deploy.0 = Release|Any CPU
		{CC78B56D-3C81-4391-9438-A1824BFEC843}.AppStore|iPhone.ActiveCfg = Release|Any CPU
		{CC78B56D-3C81-4391-9438-A1824BFEC843}.AppStore|iPhone.Build.0 = Release|Any CPU
		{CC78B56D-3C81-4391-9438-A1824BFEC843}.AppStore|iPhone.Deploy.0 = Release|Any CPU
		{CC78B56D-3C81-4391-9438-A1824BFEC843}.AppStore|iPhoneSimulator.ActiveCfg = Release|Any CPU
		{CC78B56D-3C81-4391-9438-A1824BFEC843}.AppStore|iPhoneSimulator.Build.0 = Release|Any CPU
		{CC78B56D-3C81-4391-9438-A1824BFEC843}.AppStore|iPhoneSimulator.Deploy.0 = Release|Any CPU
		{CC78B56D-3C81-4391-9438-A1824BFEC843}.AppStore|Mixed Platforms.ActiveCfg = Release|Any CPU
		{CC78B56D-3C81-4391-9438-A1824BFEC843}.AppStore|Mixed Platforms.Build.0 = Release|Any CPU
		{CC78B56D-3C81-4391-9438-A1824BFEC843}.AppStore|Mixed Platforms.Deploy.0 = Release|Any CPU
		{CC78B56D-3C81-4391-9438-A1824BFEC843}.AppStore|x64.ActiveCfg = Release|Any CPU
		{CC78B56D-3C81-4391-9438-A1824BFEC843}.AppStore|x64.Build.0 = Release|Any CPU
		{CC78B56D-3C81-4391-9438-A1824BFEC843}.AppStore|x64.Deploy.0 = Release|Any CPU
		{CC78B56D-3C81-4391-9438-A1824BFEC843}.AppStore|x86.ActiveCfg = Release|Any CPU
		{CC78B56D-3C81-4391-9438-A1824BFEC843}.AppStore|x86.Build.0 = Release|Any CPU
		{CC78B56D-3C81-4391-9438-A1824BFEC843}.AppStore|x86.Deploy.0 = Release|Any CPU
		{CC78B56D-3C81-4391-9438-A1824BFEC843}.Debug|Any CPU.ActiveCfg = Debug|Any CPU
		{CC78B56D-3C81-4391-9438-A1824BFEC843}.Debug|Any CPU.Build.0 = Debug|Any CPU
		{CC78B56D-3C81-4391-9438-A1824BFEC843}.Debug|Any CPU.Deploy.0 = Debug|Any CPU
		{CC78B56D-3C81-4391-9438-A1824BFEC843}.Debug|ARM.ActiveCfg = Debug|Any CPU
		{CC78B56D-3C81-4391-9438-A1824BFEC843}.Debug|ARM.Build.0 = Debug|Any CPU
		{CC78B56D-3C81-4391-9438-A1824BFEC843}.Debug|ARM.Deploy.0 = Debug|Any CPU
		{CC78B56D-3C81-4391-9438-A1824BFEC843}.Debug|iPhone.ActiveCfg = Debug|Any CPU
		{CC78B56D-3C81-4391-9438-A1824BFEC843}.Debug|iPhone.Build.0 = Debug|Any CPU
		{CC78B56D-3C81-4391-9438-A1824BFEC843}.Debug|iPhone.Deploy.0 = Debug|Any CPU
		{CC78B56D-3C81-4391-9438-A1824BFEC843}.Debug|iPhoneSimulator.ActiveCfg = Debug|Any CPU
		{CC78B56D-3C81-4391-9438-A1824BFEC843}.Debug|iPhoneSimulator.Build.0 = Debug|Any CPU
		{CC78B56D-3C81-4391-9438-A1824BFEC843}.Debug|iPhoneSimulator.Deploy.0 = Debug|Any CPU
		{CC78B56D-3C81-4391-9438-A1824BFEC843}.Debug|Mixed Platforms.ActiveCfg = Debug|Any CPU
		{CC78B56D-3C81-4391-9438-A1824BFEC843}.Debug|Mixed Platforms.Build.0 = Debug|Any CPU
		{CC78B56D-3C81-4391-9438-A1824BFEC843}.Debug|Mixed Platforms.Deploy.0 = Debug|Any CPU
		{CC78B56D-3C81-4391-9438-A1824BFEC843}.Debug|x64.ActiveCfg = Debug|Any CPU
		{CC78B56D-3C81-4391-9438-A1824BFEC843}.Debug|x64.Build.0 = Debug|Any CPU
		{CC78B56D-3C81-4391-9438-A1824BFEC843}.Debug|x64.Deploy.0 = Debug|Any CPU
		{CC78B56D-3C81-4391-9438-A1824BFEC843}.Debug|x86.ActiveCfg = Debug|Any CPU
		{CC78B56D-3C81-4391-9438-A1824BFEC843}.Debug|x86.Build.0 = Debug|Any CPU
		{CC78B56D-3C81-4391-9438-A1824BFEC843}.Debug|x86.Deploy.0 = Debug|Any CPU
		{CC78B56D-3C81-4391-9438-A1824BFEC843}.Release|Any CPU.ActiveCfg = Release|Any CPU
		{CC78B56D-3C81-4391-9438-A1824BFEC843}.Release|Any CPU.Build.0 = Release|Any CPU
		{CC78B56D-3C81-4391-9438-A1824BFEC843}.Release|Any CPU.Deploy.0 = Release|Any CPU
		{CC78B56D-3C81-4391-9438-A1824BFEC843}.Release|ARM.ActiveCfg = Release|Any CPU
		{CC78B56D-3C81-4391-9438-A1824BFEC843}.Release|ARM.Build.0 = Release|Any CPU
		{CC78B56D-3C81-4391-9438-A1824BFEC843}.Release|ARM.Deploy.0 = Release|Any CPU
		{CC78B56D-3C81-4391-9438-A1824BFEC843}.Release|iPhone.ActiveCfg = Release|Any CPU
		{CC78B56D-3C81-4391-9438-A1824BFEC843}.Release|iPhone.Build.0 = Release|Any CPU
		{CC78B56D-3C81-4391-9438-A1824BFEC843}.Release|iPhone.Deploy.0 = Release|Any CPU
		{CC78B56D-3C81-4391-9438-A1824BFEC843}.Release|iPhoneSimulator.ActiveCfg = Release|Any CPU
		{CC78B56D-3C81-4391-9438-A1824BFEC843}.Release|iPhoneSimulator.Build.0 = Release|Any CPU
		{CC78B56D-3C81-4391-9438-A1824BFEC843}.Release|iPhoneSimulator.Deploy.0 = Release|Any CPU
		{CC78B56D-3C81-4391-9438-A1824BFEC843}.Release|Mixed Platforms.ActiveCfg = Release|Any CPU
		{CC78B56D-3C81-4391-9438-A1824BFEC843}.Release|Mixed Platforms.Build.0 = Release|Any CPU
		{CC78B56D-3C81-4391-9438-A1824BFEC843}.Release|Mixed Platforms.Deploy.0 = Release|Any CPU
		{CC78B56D-3C81-4391-9438-A1824BFEC843}.Release|x64.ActiveCfg = Release|Any CPU
		{CC78B56D-3C81-4391-9438-A1824BFEC843}.Release|x64.Build.0 = Release|Any CPU
		{CC78B56D-3C81-4391-9438-A1824BFEC843}.Release|x64.Deploy.0 = Release|Any CPU
		{CC78B56D-3C81-4391-9438-A1824BFEC843}.Release|x86.ActiveCfg = Release|Any CPU
		{CC78B56D-3C81-4391-9438-A1824BFEC843}.Release|x86.Build.0 = Release|Any CPU
		{CC78B56D-3C81-4391-9438-A1824BFEC843}.Release|x86.Deploy.0 = Release|Any CPU
		{1D2DB3DD-42D0-48DE-BF68-93487F327628}.Ad-Hoc|Any CPU.ActiveCfg = Ad-Hoc|iPhone
		{1D2DB3DD-42D0-48DE-BF68-93487F327628}.Ad-Hoc|ARM.ActiveCfg = Ad-Hoc|iPhone
		{1D2DB3DD-42D0-48DE-BF68-93487F327628}.Ad-Hoc|iPhone.ActiveCfg = Ad-Hoc|iPhone
		{1D2DB3DD-42D0-48DE-BF68-93487F327628}.Ad-Hoc|iPhone.Build.0 = Ad-Hoc|iPhone
		{1D2DB3DD-42D0-48DE-BF68-93487F327628}.Ad-Hoc|iPhoneSimulator.ActiveCfg = Ad-Hoc|iPhoneSimulator
		{1D2DB3DD-42D0-48DE-BF68-93487F327628}.Ad-Hoc|iPhoneSimulator.Build.0 = Ad-Hoc|iPhoneSimulator
		{1D2DB3DD-42D0-48DE-BF68-93487F327628}.Ad-Hoc|Mixed Platforms.ActiveCfg = Ad-Hoc|iPhone
		{1D2DB3DD-42D0-48DE-BF68-93487F327628}.Ad-Hoc|Mixed Platforms.Build.0 = Ad-Hoc|iPhone
		{1D2DB3DD-42D0-48DE-BF68-93487F327628}.Ad-Hoc|x64.ActiveCfg = Ad-Hoc|iPhone
		{1D2DB3DD-42D0-48DE-BF68-93487F327628}.Ad-Hoc|x86.ActiveCfg = Ad-Hoc|iPhone
		{1D2DB3DD-42D0-48DE-BF68-93487F327628}.AppStore|Any CPU.ActiveCfg = AppStore|iPhone
		{1D2DB3DD-42D0-48DE-BF68-93487F327628}.AppStore|ARM.ActiveCfg = AppStore|iPhone
		{1D2DB3DD-42D0-48DE-BF68-93487F327628}.AppStore|iPhone.ActiveCfg = AppStore|iPhone
		{1D2DB3DD-42D0-48DE-BF68-93487F327628}.AppStore|iPhone.Build.0 = AppStore|iPhone
		{1D2DB3DD-42D0-48DE-BF68-93487F327628}.AppStore|iPhoneSimulator.ActiveCfg = AppStore|iPhoneSimulator
		{1D2DB3DD-42D0-48DE-BF68-93487F327628}.AppStore|iPhoneSimulator.Build.0 = AppStore|iPhoneSimulator
		{1D2DB3DD-42D0-48DE-BF68-93487F327628}.AppStore|Mixed Platforms.ActiveCfg = AppStore|iPhone
		{1D2DB3DD-42D0-48DE-BF68-93487F327628}.AppStore|Mixed Platforms.Build.0 = AppStore|iPhone
		{1D2DB3DD-42D0-48DE-BF68-93487F327628}.AppStore|x64.ActiveCfg = AppStore|iPhone
		{1D2DB3DD-42D0-48DE-BF68-93487F327628}.AppStore|x86.ActiveCfg = AppStore|iPhone
		{1D2DB3DD-42D0-48DE-BF68-93487F327628}.Debug|Any CPU.ActiveCfg = Debug|iPhone
		{1D2DB3DD-42D0-48DE-BF68-93487F327628}.Debug|ARM.ActiveCfg = Debug|iPhone
		{1D2DB3DD-42D0-48DE-BF68-93487F327628}.Debug|iPhone.ActiveCfg = Debug|iPhone
		{1D2DB3DD-42D0-48DE-BF68-93487F327628}.Debug|iPhone.Build.0 = Debug|iPhone
		{1D2DB3DD-42D0-48DE-BF68-93487F327628}.Debug|iPhoneSimulator.ActiveCfg = Debug|iPhoneSimulator
		{1D2DB3DD-42D0-48DE-BF68-93487F327628}.Debug|iPhoneSimulator.Build.0 = Debug|iPhoneSimulator
		{1D2DB3DD-42D0-48DE-BF68-93487F327628}.Debug|Mixed Platforms.ActiveCfg = Debug|iPhone
		{1D2DB3DD-42D0-48DE-BF68-93487F327628}.Debug|Mixed Platforms.Build.0 = Debug|iPhone
		{1D2DB3DD-42D0-48DE-BF68-93487F327628}.Debug|x64.ActiveCfg = Debug|iPhone
		{1D2DB3DD-42D0-48DE-BF68-93487F327628}.Debug|x86.ActiveCfg = Debug|iPhone
		{1D2DB3DD-42D0-48DE-BF68-93487F327628}.Release|Any CPU.ActiveCfg = Release|iPhone
		{1D2DB3DD-42D0-48DE-BF68-93487F327628}.Release|ARM.ActiveCfg = Release|iPhone
		{1D2DB3DD-42D0-48DE-BF68-93487F327628}.Release|iPhone.ActiveCfg = Release|iPhone
		{1D2DB3DD-42D0-48DE-BF68-93487F327628}.Release|iPhone.Build.0 = Release|iPhone
		{1D2DB3DD-42D0-48DE-BF68-93487F327628}.Release|iPhoneSimulator.ActiveCfg = Release|iPhoneSimulator
		{1D2DB3DD-42D0-48DE-BF68-93487F327628}.Release|iPhoneSimulator.Build.0 = Release|iPhoneSimulator
		{1D2DB3DD-42D0-48DE-BF68-93487F327628}.Release|Mixed Platforms.ActiveCfg = Release|iPhone
		{1D2DB3DD-42D0-48DE-BF68-93487F327628}.Release|Mixed Platforms.Build.0 = Release|iPhone
		{1D2DB3DD-42D0-48DE-BF68-93487F327628}.Release|x64.ActiveCfg = Release|iPhone
		{1D2DB3DD-42D0-48DE-BF68-93487F327628}.Release|x86.ActiveCfg = Release|iPhone
		{60541543-AD76-4C5B-BF82-6D26FE5C790D}.Ad-Hoc|Any CPU.ActiveCfg = Release|Any CPU
		{60541543-AD76-4C5B-BF82-6D26FE5C790D}.Ad-Hoc|Any CPU.Build.0 = Release|Any CPU
		{60541543-AD76-4C5B-BF82-6D26FE5C790D}.Ad-Hoc|Any CPU.Deploy.0 = Release|Any CPU
		{60541543-AD76-4C5B-BF82-6D26FE5C790D}.Ad-Hoc|ARM.ActiveCfg = Release|ARM
		{60541543-AD76-4C5B-BF82-6D26FE5C790D}.Ad-Hoc|ARM.Build.0 = Release|ARM
		{60541543-AD76-4C5B-BF82-6D26FE5C790D}.Ad-Hoc|ARM.Deploy.0 = Release|ARM
		{60541543-AD76-4C5B-BF82-6D26FE5C790D}.Ad-Hoc|iPhone.ActiveCfg = Release|Any CPU
		{60541543-AD76-4C5B-BF82-6D26FE5C790D}.Ad-Hoc|iPhone.Build.0 = Release|Any CPU
		{60541543-AD76-4C5B-BF82-6D26FE5C790D}.Ad-Hoc|iPhone.Deploy.0 = Release|Any CPU
		{60541543-AD76-4C5B-BF82-6D26FE5C790D}.Ad-Hoc|iPhoneSimulator.ActiveCfg = Release|Any CPU
		{60541543-AD76-4C5B-BF82-6D26FE5C790D}.Ad-Hoc|iPhoneSimulator.Build.0 = Release|Any CPU
		{60541543-AD76-4C5B-BF82-6D26FE5C790D}.Ad-Hoc|iPhoneSimulator.Deploy.0 = Release|Any CPU
		{60541543-AD76-4C5B-BF82-6D26FE5C790D}.Ad-Hoc|Mixed Platforms.ActiveCfg = Release|x86
		{60541543-AD76-4C5B-BF82-6D26FE5C790D}.Ad-Hoc|Mixed Platforms.Build.0 = Release|x86
		{60541543-AD76-4C5B-BF82-6D26FE5C790D}.Ad-Hoc|Mixed Platforms.Deploy.0 = Release|x86
		{60541543-AD76-4C5B-BF82-6D26FE5C790D}.Ad-Hoc|x64.ActiveCfg = Release|Any CPU
		{60541543-AD76-4C5B-BF82-6D26FE5C790D}.Ad-Hoc|x64.Build.0 = Release|Any CPU
		{60541543-AD76-4C5B-BF82-6D26FE5C790D}.Ad-Hoc|x64.Deploy.0 = Release|Any CPU
		{60541543-AD76-4C5B-BF82-6D26FE5C790D}.Ad-Hoc|x86.ActiveCfg = Release|x86
		{60541543-AD76-4C5B-BF82-6D26FE5C790D}.Ad-Hoc|x86.Build.0 = Release|x86
		{60541543-AD76-4C5B-BF82-6D26FE5C790D}.Ad-Hoc|x86.Deploy.0 = Release|x86
		{60541543-AD76-4C5B-BF82-6D26FE5C790D}.AppStore|Any CPU.ActiveCfg = Release|Any CPU
		{60541543-AD76-4C5B-BF82-6D26FE5C790D}.AppStore|Any CPU.Build.0 = Release|Any CPU
		{60541543-AD76-4C5B-BF82-6D26FE5C790D}.AppStore|Any CPU.Deploy.0 = Release|Any CPU
		{60541543-AD76-4C5B-BF82-6D26FE5C790D}.AppStore|ARM.ActiveCfg = Release|ARM
		{60541543-AD76-4C5B-BF82-6D26FE5C790D}.AppStore|ARM.Build.0 = Release|ARM
		{60541543-AD76-4C5B-BF82-6D26FE5C790D}.AppStore|ARM.Deploy.0 = Release|ARM
		{60541543-AD76-4C5B-BF82-6D26FE5C790D}.AppStore|iPhone.ActiveCfg = Release|Any CPU
		{60541543-AD76-4C5B-BF82-6D26FE5C790D}.AppStore|iPhone.Build.0 = Release|Any CPU
		{60541543-AD76-4C5B-BF82-6D26FE5C790D}.AppStore|iPhone.Deploy.0 = Release|Any CPU
		{60541543-AD76-4C5B-BF82-6D26FE5C790D}.AppStore|iPhoneSimulator.ActiveCfg = Release|Any CPU
		{60541543-AD76-4C5B-BF82-6D26FE5C790D}.AppStore|iPhoneSimulator.Build.0 = Release|Any CPU
		{60541543-AD76-4C5B-BF82-6D26FE5C790D}.AppStore|iPhoneSimulator.Deploy.0 = Release|Any CPU
		{60541543-AD76-4C5B-BF82-6D26FE5C790D}.AppStore|Mixed Platforms.ActiveCfg = Release|x86
		{60541543-AD76-4C5B-BF82-6D26FE5C790D}.AppStore|Mixed Platforms.Build.0 = Release|x86
		{60541543-AD76-4C5B-BF82-6D26FE5C790D}.AppStore|Mixed Platforms.Deploy.0 = Release|x86
		{60541543-AD76-4C5B-BF82-6D26FE5C790D}.AppStore|x64.ActiveCfg = Release|Any CPU
		{60541543-AD76-4C5B-BF82-6D26FE5C790D}.AppStore|x64.Build.0 = Release|Any CPU
		{60541543-AD76-4C5B-BF82-6D26FE5C790D}.AppStore|x64.Deploy.0 = Release|Any CPU
		{60541543-AD76-4C5B-BF82-6D26FE5C790D}.AppStore|x86.ActiveCfg = Release|x86
		{60541543-AD76-4C5B-BF82-6D26FE5C790D}.AppStore|x86.Build.0 = Release|x86
		{60541543-AD76-4C5B-BF82-6D26FE5C790D}.AppStore|x86.Deploy.0 = Release|x86
		{60541543-AD76-4C5B-BF82-6D26FE5C790D}.Debug|Any CPU.ActiveCfg = Debug|Any CPU
		{60541543-AD76-4C5B-BF82-6D26FE5C790D}.Debug|Any CPU.Build.0 = Debug|Any CPU
		{60541543-AD76-4C5B-BF82-6D26FE5C790D}.Debug|Any CPU.Deploy.0 = Debug|Any CPU
		{60541543-AD76-4C5B-BF82-6D26FE5C790D}.Debug|ARM.ActiveCfg = Debug|ARM
		{60541543-AD76-4C5B-BF82-6D26FE5C790D}.Debug|ARM.Build.0 = Debug|ARM
		{60541543-AD76-4C5B-BF82-6D26FE5C790D}.Debug|ARM.Deploy.0 = Debug|ARM
		{60541543-AD76-4C5B-BF82-6D26FE5C790D}.Debug|iPhone.ActiveCfg = Debug|Any CPU
		{60541543-AD76-4C5B-BF82-6D26FE5C790D}.Debug|iPhone.Build.0 = Debug|Any CPU
		{60541543-AD76-4C5B-BF82-6D26FE5C790D}.Debug|iPhone.Deploy.0 = Debug|Any CPU
		{60541543-AD76-4C5B-BF82-6D26FE5C790D}.Debug|iPhoneSimulator.ActiveCfg = Debug|Any CPU
		{60541543-AD76-4C5B-BF82-6D26FE5C790D}.Debug|iPhoneSimulator.Build.0 = Debug|Any CPU
		{60541543-AD76-4C5B-BF82-6D26FE5C790D}.Debug|iPhoneSimulator.Deploy.0 = Debug|Any CPU
		{60541543-AD76-4C5B-BF82-6D26FE5C790D}.Debug|Mixed Platforms.ActiveCfg = Debug|x86
		{60541543-AD76-4C5B-BF82-6D26FE5C790D}.Debug|Mixed Platforms.Build.0 = Debug|x86
		{60541543-AD76-4C5B-BF82-6D26FE5C790D}.Debug|Mixed Platforms.Deploy.0 = Debug|x86
		{60541543-AD76-4C5B-BF82-6D26FE5C790D}.Debug|x64.ActiveCfg = Debug|Any CPU
		{60541543-AD76-4C5B-BF82-6D26FE5C790D}.Debug|x64.Build.0 = Debug|Any CPU
		{60541543-AD76-4C5B-BF82-6D26FE5C790D}.Debug|x64.Deploy.0 = Debug|Any CPU
		{60541543-AD76-4C5B-BF82-6D26FE5C790D}.Debug|x86.ActiveCfg = Debug|x86
		{60541543-AD76-4C5B-BF82-6D26FE5C790D}.Debug|x86.Build.0 = Debug|x86
		{60541543-AD76-4C5B-BF82-6D26FE5C790D}.Debug|x86.Deploy.0 = Debug|x86
		{60541543-AD76-4C5B-BF82-6D26FE5C790D}.Release|Any CPU.ActiveCfg = Release|Any CPU
		{60541543-AD76-4C5B-BF82-6D26FE5C790D}.Release|Any CPU.Build.0 = Release|Any CPU
		{60541543-AD76-4C5B-BF82-6D26FE5C790D}.Release|Any CPU.Deploy.0 = Release|Any CPU
		{60541543-AD76-4C5B-BF82-6D26FE5C790D}.Release|ARM.ActiveCfg = Release|ARM
		{60541543-AD76-4C5B-BF82-6D26FE5C790D}.Release|ARM.Build.0 = Release|ARM
		{60541543-AD76-4C5B-BF82-6D26FE5C790D}.Release|ARM.Deploy.0 = Release|ARM
		{60541543-AD76-4C5B-BF82-6D26FE5C790D}.Release|iPhone.ActiveCfg = Release|Any CPU
		{60541543-AD76-4C5B-BF82-6D26FE5C790D}.Release|iPhone.Build.0 = Release|Any CPU
		{60541543-AD76-4C5B-BF82-6D26FE5C790D}.Release|iPhone.Deploy.0 = Release|Any CPU
		{60541543-AD76-4C5B-BF82-6D26FE5C790D}.Release|iPhoneSimulator.ActiveCfg = Release|Any CPU
		{60541543-AD76-4C5B-BF82-6D26FE5C790D}.Release|iPhoneSimulator.Build.0 = Release|Any CPU
		{60541543-AD76-4C5B-BF82-6D26FE5C790D}.Release|iPhoneSimulator.Deploy.0 = Release|Any CPU
		{60541543-AD76-4C5B-BF82-6D26FE5C790D}.Release|Mixed Platforms.ActiveCfg = Release|x86
		{60541543-AD76-4C5B-BF82-6D26FE5C790D}.Release|Mixed Platforms.Build.0 = Release|x86
		{60541543-AD76-4C5B-BF82-6D26FE5C790D}.Release|Mixed Platforms.Deploy.0 = Release|x86
		{60541543-AD76-4C5B-BF82-6D26FE5C790D}.Release|x64.ActiveCfg = Release|Any CPU
		{60541543-AD76-4C5B-BF82-6D26FE5C790D}.Release|x64.Build.0 = Release|Any CPU
		{60541543-AD76-4C5B-BF82-6D26FE5C790D}.Release|x64.Deploy.0 = Release|Any CPU
		{60541543-AD76-4C5B-BF82-6D26FE5C790D}.Release|x86.ActiveCfg = Release|x86
		{60541543-AD76-4C5B-BF82-6D26FE5C790D}.Release|x86.Build.0 = Release|x86
		{60541543-AD76-4C5B-BF82-6D26FE5C790D}.Release|x86.Deploy.0 = Release|x86
		{9AC0481F-5703-4801-8ECB-A6847075C900}.Ad-Hoc|Any CPU.ActiveCfg = Release|x86
		{9AC0481F-5703-4801-8ECB-A6847075C900}.Ad-Hoc|Any CPU.Build.0 = Release|x86
		{9AC0481F-5703-4801-8ECB-A6847075C900}.Ad-Hoc|Any CPU.Deploy.0 = Release|x86
		{9AC0481F-5703-4801-8ECB-A6847075C900}.Ad-Hoc|ARM.ActiveCfg = Release|ARM
		{9AC0481F-5703-4801-8ECB-A6847075C900}.Ad-Hoc|ARM.Build.0 = Release|ARM
		{9AC0481F-5703-4801-8ECB-A6847075C900}.Ad-Hoc|ARM.Deploy.0 = Release|ARM
		{9AC0481F-5703-4801-8ECB-A6847075C900}.Ad-Hoc|iPhone.ActiveCfg = Release|x86
		{9AC0481F-5703-4801-8ECB-A6847075C900}.Ad-Hoc|iPhone.Build.0 = Release|x86
		{9AC0481F-5703-4801-8ECB-A6847075C900}.Ad-Hoc|iPhone.Deploy.0 = Release|x86
		{9AC0481F-5703-4801-8ECB-A6847075C900}.Ad-Hoc|iPhoneSimulator.ActiveCfg = Release|x86
		{9AC0481F-5703-4801-8ECB-A6847075C900}.Ad-Hoc|iPhoneSimulator.Build.0 = Release|x86
		{9AC0481F-5703-4801-8ECB-A6847075C900}.Ad-Hoc|iPhoneSimulator.Deploy.0 = Release|x86
		{9AC0481F-5703-4801-8ECB-A6847075C900}.Ad-Hoc|Mixed Platforms.ActiveCfg = Release|x86
		{9AC0481F-5703-4801-8ECB-A6847075C900}.Ad-Hoc|Mixed Platforms.Build.0 = Release|x86
		{9AC0481F-5703-4801-8ECB-A6847075C900}.Ad-Hoc|Mixed Platforms.Deploy.0 = Release|x86
		{9AC0481F-5703-4801-8ECB-A6847075C900}.Ad-Hoc|x64.ActiveCfg = Release|x64
		{9AC0481F-5703-4801-8ECB-A6847075C900}.Ad-Hoc|x64.Build.0 = Release|x64
		{9AC0481F-5703-4801-8ECB-A6847075C900}.Ad-Hoc|x64.Deploy.0 = Release|x64
		{9AC0481F-5703-4801-8ECB-A6847075C900}.Ad-Hoc|x86.ActiveCfg = Release|x86
		{9AC0481F-5703-4801-8ECB-A6847075C900}.Ad-Hoc|x86.Build.0 = Release|x86
		{9AC0481F-5703-4801-8ECB-A6847075C900}.Ad-Hoc|x86.Deploy.0 = Release|x86
		{9AC0481F-5703-4801-8ECB-A6847075C900}.AppStore|Any CPU.ActiveCfg = Release|x86
		{9AC0481F-5703-4801-8ECB-A6847075C900}.AppStore|Any CPU.Build.0 = Release|x86
		{9AC0481F-5703-4801-8ECB-A6847075C900}.AppStore|Any CPU.Deploy.0 = Release|x86
		{9AC0481F-5703-4801-8ECB-A6847075C900}.AppStore|ARM.ActiveCfg = Release|ARM
		{9AC0481F-5703-4801-8ECB-A6847075C900}.AppStore|ARM.Build.0 = Release|ARM
		{9AC0481F-5703-4801-8ECB-A6847075C900}.AppStore|ARM.Deploy.0 = Release|ARM
		{9AC0481F-5703-4801-8ECB-A6847075C900}.AppStore|iPhone.ActiveCfg = Release|x86
		{9AC0481F-5703-4801-8ECB-A6847075C900}.AppStore|iPhone.Build.0 = Release|x86
		{9AC0481F-5703-4801-8ECB-A6847075C900}.AppStore|iPhone.Deploy.0 = Release|x86
		{9AC0481F-5703-4801-8ECB-A6847075C900}.AppStore|iPhoneSimulator.ActiveCfg = Release|x86
		{9AC0481F-5703-4801-8ECB-A6847075C900}.AppStore|iPhoneSimulator.Build.0 = Release|x86
		{9AC0481F-5703-4801-8ECB-A6847075C900}.AppStore|iPhoneSimulator.Deploy.0 = Release|x86
		{9AC0481F-5703-4801-8ECB-A6847075C900}.AppStore|Mixed Platforms.ActiveCfg = Release|x86
		{9AC0481F-5703-4801-8ECB-A6847075C900}.AppStore|Mixed Platforms.Build.0 = Release|x86
		{9AC0481F-5703-4801-8ECB-A6847075C900}.AppStore|Mixed Platforms.Deploy.0 = Release|x86
		{9AC0481F-5703-4801-8ECB-A6847075C900}.AppStore|x64.ActiveCfg = Release|x64
		{9AC0481F-5703-4801-8ECB-A6847075C900}.AppStore|x64.Build.0 = Release|x64
		{9AC0481F-5703-4801-8ECB-A6847075C900}.AppStore|x64.Deploy.0 = Release|x64
		{9AC0481F-5703-4801-8ECB-A6847075C900}.AppStore|x86.ActiveCfg = Release|x86
		{9AC0481F-5703-4801-8ECB-A6847075C900}.AppStore|x86.Build.0 = Release|x86
		{9AC0481F-5703-4801-8ECB-A6847075C900}.AppStore|x86.Deploy.0 = Release|x86
		{9AC0481F-5703-4801-8ECB-A6847075C900}.Debug|Any CPU.ActiveCfg = Debug|x86
		{9AC0481F-5703-4801-8ECB-A6847075C900}.Debug|ARM.ActiveCfg = Debug|ARM
		{9AC0481F-5703-4801-8ECB-A6847075C900}.Debug|ARM.Build.0 = Debug|ARM
		{9AC0481F-5703-4801-8ECB-A6847075C900}.Debug|ARM.Deploy.0 = Debug|ARM
		{9AC0481F-5703-4801-8ECB-A6847075C900}.Debug|iPhone.ActiveCfg = Debug|x86
		{9AC0481F-5703-4801-8ECB-A6847075C900}.Debug|iPhoneSimulator.ActiveCfg = Debug|x86
		{9AC0481F-5703-4801-8ECB-A6847075C900}.Debug|Mixed Platforms.ActiveCfg = Debug|x86
		{9AC0481F-5703-4801-8ECB-A6847075C900}.Debug|Mixed Platforms.Build.0 = Debug|x86
		{9AC0481F-5703-4801-8ECB-A6847075C900}.Debug|Mixed Platforms.Deploy.0 = Debug|x86
		{9AC0481F-5703-4801-8ECB-A6847075C900}.Debug|x64.ActiveCfg = Debug|x64
		{9AC0481F-5703-4801-8ECB-A6847075C900}.Debug|x64.Build.0 = Debug|x64
		{9AC0481F-5703-4801-8ECB-A6847075C900}.Debug|x64.Deploy.0 = Debug|x64
		{9AC0481F-5703-4801-8ECB-A6847075C900}.Debug|x86.ActiveCfg = Debug|x86
		{9AC0481F-5703-4801-8ECB-A6847075C900}.Debug|x86.Build.0 = Debug|x86
		{9AC0481F-5703-4801-8ECB-A6847075C900}.Debug|x86.Deploy.0 = Debug|x86
		{9AC0481F-5703-4801-8ECB-A6847075C900}.Release|Any CPU.ActiveCfg = Release|x86
		{9AC0481F-5703-4801-8ECB-A6847075C900}.Release|ARM.ActiveCfg = Release|ARM
		{9AC0481F-5703-4801-8ECB-A6847075C900}.Release|ARM.Build.0 = Release|ARM
		{9AC0481F-5703-4801-8ECB-A6847075C900}.Release|ARM.Deploy.0 = Release|ARM
		{9AC0481F-5703-4801-8ECB-A6847075C900}.Release|iPhone.ActiveCfg = Release|x86
		{9AC0481F-5703-4801-8ECB-A6847075C900}.Release|iPhoneSimulator.ActiveCfg = Release|x86
		{9AC0481F-5703-4801-8ECB-A6847075C900}.Release|Mixed Platforms.ActiveCfg = Release|x86
		{9AC0481F-5703-4801-8ECB-A6847075C900}.Release|Mixed Platforms.Build.0 = Release|x86
		{9AC0481F-5703-4801-8ECB-A6847075C900}.Release|Mixed Platforms.Deploy.0 = Release|x86
		{9AC0481F-5703-4801-8ECB-A6847075C900}.Release|x64.ActiveCfg = Release|x64
		{9AC0481F-5703-4801-8ECB-A6847075C900}.Release|x64.Build.0 = Release|x64
		{9AC0481F-5703-4801-8ECB-A6847075C900}.Release|x64.Deploy.0 = Release|x64
		{9AC0481F-5703-4801-8ECB-A6847075C900}.Release|x86.ActiveCfg = Release|x86
		{9AC0481F-5703-4801-8ECB-A6847075C900}.Release|x86.Build.0 = Release|x86
		{9AC0481F-5703-4801-8ECB-A6847075C900}.Release|x86.Deploy.0 = Release|x86
		{A6741442-8449-4B82-BC98-F4BD400501EF}.Ad-Hoc|Any CPU.ActiveCfg = Release|Any CPU
		{A6741442-8449-4B82-BC98-F4BD400501EF}.Ad-Hoc|Any CPU.Build.0 = Release|Any CPU
		{A6741442-8449-4B82-BC98-F4BD400501EF}.Ad-Hoc|Any CPU.Deploy.0 = Release|Any CPU
		{A6741442-8449-4B82-BC98-F4BD400501EF}.Ad-Hoc|ARM.ActiveCfg = Release|ARM
		{A6741442-8449-4B82-BC98-F4BD400501EF}.Ad-Hoc|ARM.Build.0 = Release|ARM
		{A6741442-8449-4B82-BC98-F4BD400501EF}.Ad-Hoc|ARM.Deploy.0 = Release|ARM
		{A6741442-8449-4B82-BC98-F4BD400501EF}.Ad-Hoc|iPhone.ActiveCfg = Release|Any CPU
		{A6741442-8449-4B82-BC98-F4BD400501EF}.Ad-Hoc|iPhone.Build.0 = Release|Any CPU
		{A6741442-8449-4B82-BC98-F4BD400501EF}.Ad-Hoc|iPhone.Deploy.0 = Release|Any CPU
		{A6741442-8449-4B82-BC98-F4BD400501EF}.Ad-Hoc|iPhoneSimulator.ActiveCfg = Release|Any CPU
		{A6741442-8449-4B82-BC98-F4BD400501EF}.Ad-Hoc|iPhoneSimulator.Build.0 = Release|Any CPU
		{A6741442-8449-4B82-BC98-F4BD400501EF}.Ad-Hoc|iPhoneSimulator.Deploy.0 = Release|Any CPU
		{A6741442-8449-4B82-BC98-F4BD400501EF}.Ad-Hoc|Mixed Platforms.ActiveCfg = Release|x86
		{A6741442-8449-4B82-BC98-F4BD400501EF}.Ad-Hoc|Mixed Platforms.Build.0 = Release|x86
		{A6741442-8449-4B82-BC98-F4BD400501EF}.Ad-Hoc|Mixed Platforms.Deploy.0 = Release|x86
		{A6741442-8449-4B82-BC98-F4BD400501EF}.Ad-Hoc|x64.ActiveCfg = Release|x64
		{A6741442-8449-4B82-BC98-F4BD400501EF}.Ad-Hoc|x64.Build.0 = Release|x64
		{A6741442-8449-4B82-BC98-F4BD400501EF}.Ad-Hoc|x64.Deploy.0 = Release|x64
		{A6741442-8449-4B82-BC98-F4BD400501EF}.Ad-Hoc|x86.ActiveCfg = Release|x86
		{A6741442-8449-4B82-BC98-F4BD400501EF}.Ad-Hoc|x86.Build.0 = Release|x86
		{A6741442-8449-4B82-BC98-F4BD400501EF}.Ad-Hoc|x86.Deploy.0 = Release|x86
		{A6741442-8449-4B82-BC98-F4BD400501EF}.AppStore|Any CPU.ActiveCfg = Release|Any CPU
		{A6741442-8449-4B82-BC98-F4BD400501EF}.AppStore|Any CPU.Build.0 = Release|Any CPU
		{A6741442-8449-4B82-BC98-F4BD400501EF}.AppStore|Any CPU.Deploy.0 = Release|Any CPU
		{A6741442-8449-4B82-BC98-F4BD400501EF}.AppStore|ARM.ActiveCfg = Release|ARM
		{A6741442-8449-4B82-BC98-F4BD400501EF}.AppStore|ARM.Build.0 = Release|ARM
		{A6741442-8449-4B82-BC98-F4BD400501EF}.AppStore|ARM.Deploy.0 = Release|ARM
		{A6741442-8449-4B82-BC98-F4BD400501EF}.AppStore|iPhone.ActiveCfg = Release|Any CPU
		{A6741442-8449-4B82-BC98-F4BD400501EF}.AppStore|iPhone.Build.0 = Release|Any CPU
		{A6741442-8449-4B82-BC98-F4BD400501EF}.AppStore|iPhone.Deploy.0 = Release|Any CPU
		{A6741442-8449-4B82-BC98-F4BD400501EF}.AppStore|iPhoneSimulator.ActiveCfg = Release|Any CPU
		{A6741442-8449-4B82-BC98-F4BD400501EF}.AppStore|iPhoneSimulator.Build.0 = Release|Any CPU
		{A6741442-8449-4B82-BC98-F4BD400501EF}.AppStore|iPhoneSimulator.Deploy.0 = Release|Any CPU
		{A6741442-8449-4B82-BC98-F4BD400501EF}.AppStore|Mixed Platforms.ActiveCfg = Release|x86
		{A6741442-8449-4B82-BC98-F4BD400501EF}.AppStore|Mixed Platforms.Build.0 = Release|x86
		{A6741442-8449-4B82-BC98-F4BD400501EF}.AppStore|Mixed Platforms.Deploy.0 = Release|x86
		{A6741442-8449-4B82-BC98-F4BD400501EF}.AppStore|x64.ActiveCfg = Release|x64
		{A6741442-8449-4B82-BC98-F4BD400501EF}.AppStore|x64.Build.0 = Release|x64
		{A6741442-8449-4B82-BC98-F4BD400501EF}.AppStore|x64.Deploy.0 = Release|x64
		{A6741442-8449-4B82-BC98-F4BD400501EF}.AppStore|x86.ActiveCfg = Release|x86
		{A6741442-8449-4B82-BC98-F4BD400501EF}.AppStore|x86.Build.0 = Release|x86
		{A6741442-8449-4B82-BC98-F4BD400501EF}.AppStore|x86.Deploy.0 = Release|x86
		{A6741442-8449-4B82-BC98-F4BD400501EF}.Debug|Any CPU.ActiveCfg = Debug|Any CPU
		{A6741442-8449-4B82-BC98-F4BD400501EF}.Debug|Any CPU.Build.0 = Debug|Any CPU
		{A6741442-8449-4B82-BC98-F4BD400501EF}.Debug|Any CPU.Deploy.0 = Debug|Any CPU
		{A6741442-8449-4B82-BC98-F4BD400501EF}.Debug|ARM.ActiveCfg = Debug|ARM
		{A6741442-8449-4B82-BC98-F4BD400501EF}.Debug|ARM.Build.0 = Debug|ARM
		{A6741442-8449-4B82-BC98-F4BD400501EF}.Debug|ARM.Deploy.0 = Debug|ARM
		{A6741442-8449-4B82-BC98-F4BD400501EF}.Debug|iPhone.ActiveCfg = Debug|Any CPU
		{A6741442-8449-4B82-BC98-F4BD400501EF}.Debug|iPhone.Build.0 = Debug|Any CPU
		{A6741442-8449-4B82-BC98-F4BD400501EF}.Debug|iPhone.Deploy.0 = Debug|Any CPU
		{A6741442-8449-4B82-BC98-F4BD400501EF}.Debug|iPhoneSimulator.ActiveCfg = Debug|Any CPU
		{A6741442-8449-4B82-BC98-F4BD400501EF}.Debug|iPhoneSimulator.Build.0 = Debug|Any CPU
		{A6741442-8449-4B82-BC98-F4BD400501EF}.Debug|iPhoneSimulator.Deploy.0 = Debug|Any CPU
		{A6741442-8449-4B82-BC98-F4BD400501EF}.Debug|Mixed Platforms.ActiveCfg = Debug|x86
		{A6741442-8449-4B82-BC98-F4BD400501EF}.Debug|Mixed Platforms.Build.0 = Debug|x86
		{A6741442-8449-4B82-BC98-F4BD400501EF}.Debug|Mixed Platforms.Deploy.0 = Debug|x86
		{A6741442-8449-4B82-BC98-F4BD400501EF}.Debug|x64.ActiveCfg = Debug|x64
		{A6741442-8449-4B82-BC98-F4BD400501EF}.Debug|x64.Build.0 = Debug|x64
		{A6741442-8449-4B82-BC98-F4BD400501EF}.Debug|x64.Deploy.0 = Debug|x64
		{A6741442-8449-4B82-BC98-F4BD400501EF}.Debug|x86.ActiveCfg = Debug|x86
		{A6741442-8449-4B82-BC98-F4BD400501EF}.Debug|x86.Build.0 = Debug|x86
		{A6741442-8449-4B82-BC98-F4BD400501EF}.Debug|x86.Deploy.0 = Debug|x86
		{A6741442-8449-4B82-BC98-F4BD400501EF}.Release|Any CPU.ActiveCfg = Release|Any CPU
		{A6741442-8449-4B82-BC98-F4BD400501EF}.Release|Any CPU.Build.0 = Release|Any CPU
		{A6741442-8449-4B82-BC98-F4BD400501EF}.Release|Any CPU.Deploy.0 = Release|Any CPU
		{A6741442-8449-4B82-BC98-F4BD400501EF}.Release|ARM.ActiveCfg = Release|ARM
		{A6741442-8449-4B82-BC98-F4BD400501EF}.Release|ARM.Build.0 = Release|ARM
		{A6741442-8449-4B82-BC98-F4BD400501EF}.Release|ARM.Deploy.0 = Release|ARM
		{A6741442-8449-4B82-BC98-F4BD400501EF}.Release|iPhone.ActiveCfg = Release|Any CPU
		{A6741442-8449-4B82-BC98-F4BD400501EF}.Release|iPhone.Build.0 = Release|Any CPU
		{A6741442-8449-4B82-BC98-F4BD400501EF}.Release|iPhone.Deploy.0 = Release|Any CPU
		{A6741442-8449-4B82-BC98-F4BD400501EF}.Release|iPhoneSimulator.ActiveCfg = Release|Any CPU
		{A6741442-8449-4B82-BC98-F4BD400501EF}.Release|iPhoneSimulator.Build.0 = Release|Any CPU
		{A6741442-8449-4B82-BC98-F4BD400501EF}.Release|iPhoneSimulator.Deploy.0 = Release|Any CPU
		{A6741442-8449-4B82-BC98-F4BD400501EF}.Release|Mixed Platforms.ActiveCfg = Release|x86
		{A6741442-8449-4B82-BC98-F4BD400501EF}.Release|Mixed Platforms.Build.0 = Release|x86
		{A6741442-8449-4B82-BC98-F4BD400501EF}.Release|Mixed Platforms.Deploy.0 = Release|x86
		{A6741442-8449-4B82-BC98-F4BD400501EF}.Release|x64.ActiveCfg = Release|x64
		{A6741442-8449-4B82-BC98-F4BD400501EF}.Release|x64.Build.0 = Release|x64
		{A6741442-8449-4B82-BC98-F4BD400501EF}.Release|x64.Deploy.0 = Release|x64
		{A6741442-8449-4B82-BC98-F4BD400501EF}.Release|x86.ActiveCfg = Release|x86
		{A6741442-8449-4B82-BC98-F4BD400501EF}.Release|x86.Build.0 = Release|x86
		{A6741442-8449-4B82-BC98-F4BD400501EF}.Release|x86.Deploy.0 = Release|x86
		{D73F1DD2-1EEC-4900-A452-DC661F17C0E6}.Ad-Hoc|Any CPU.ActiveCfg = Release|Any CPU
		{D73F1DD2-1EEC-4900-A452-DC661F17C0E6}.Ad-Hoc|Any CPU.Build.0 = Release|Any CPU
		{D73F1DD2-1EEC-4900-A452-DC661F17C0E6}.Ad-Hoc|ARM.ActiveCfg = Release|Any CPU
		{D73F1DD2-1EEC-4900-A452-DC661F17C0E6}.Ad-Hoc|ARM.Build.0 = Release|Any CPU
		{D73F1DD2-1EEC-4900-A452-DC661F17C0E6}.Ad-Hoc|iPhone.ActiveCfg = Release|Any CPU
		{D73F1DD2-1EEC-4900-A452-DC661F17C0E6}.Ad-Hoc|iPhone.Build.0 = Release|Any CPU
		{D73F1DD2-1EEC-4900-A452-DC661F17C0E6}.Ad-Hoc|iPhoneSimulator.ActiveCfg = Release|Any CPU
		{D73F1DD2-1EEC-4900-A452-DC661F17C0E6}.Ad-Hoc|iPhoneSimulator.Build.0 = Release|Any CPU
		{D73F1DD2-1EEC-4900-A452-DC661F17C0E6}.Ad-Hoc|Mixed Platforms.ActiveCfg = Release|Any CPU
		{D73F1DD2-1EEC-4900-A452-DC661F17C0E6}.Ad-Hoc|Mixed Platforms.Build.0 = Release|Any CPU
		{D73F1DD2-1EEC-4900-A452-DC661F17C0E6}.Ad-Hoc|x64.ActiveCfg = Release|Any CPU
		{D73F1DD2-1EEC-4900-A452-DC661F17C0E6}.Ad-Hoc|x64.Build.0 = Release|Any CPU
		{D73F1DD2-1EEC-4900-A452-DC661F17C0E6}.Ad-Hoc|x86.ActiveCfg = Release|Any CPU
		{D73F1DD2-1EEC-4900-A452-DC661F17C0E6}.Ad-Hoc|x86.Build.0 = Release|Any CPU
		{D73F1DD2-1EEC-4900-A452-DC661F17C0E6}.AppStore|Any CPU.ActiveCfg = Release|Any CPU
		{D73F1DD2-1EEC-4900-A452-DC661F17C0E6}.AppStore|Any CPU.Build.0 = Release|Any CPU
		{D73F1DD2-1EEC-4900-A452-DC661F17C0E6}.AppStore|ARM.ActiveCfg = Release|Any CPU
		{D73F1DD2-1EEC-4900-A452-DC661F17C0E6}.AppStore|ARM.Build.0 = Release|Any CPU
		{D73F1DD2-1EEC-4900-A452-DC661F17C0E6}.AppStore|iPhone.ActiveCfg = Release|Any CPU
		{D73F1DD2-1EEC-4900-A452-DC661F17C0E6}.AppStore|iPhone.Build.0 = Release|Any CPU
		{D73F1DD2-1EEC-4900-A452-DC661F17C0E6}.AppStore|iPhoneSimulator.ActiveCfg = Release|Any CPU
		{D73F1DD2-1EEC-4900-A452-DC661F17C0E6}.AppStore|iPhoneSimulator.Build.0 = Release|Any CPU
		{D73F1DD2-1EEC-4900-A452-DC661F17C0E6}.AppStore|Mixed Platforms.ActiveCfg = Release|Any CPU
		{D73F1DD2-1EEC-4900-A452-DC661F17C0E6}.AppStore|Mixed Platforms.Build.0 = Release|Any CPU
		{D73F1DD2-1EEC-4900-A452-DC661F17C0E6}.AppStore|x64.ActiveCfg = Release|Any CPU
		{D73F1DD2-1EEC-4900-A452-DC661F17C0E6}.AppStore|x64.Build.0 = Release|Any CPU
		{D73F1DD2-1EEC-4900-A452-DC661F17C0E6}.AppStore|x86.ActiveCfg = Release|Any CPU
		{D73F1DD2-1EEC-4900-A452-DC661F17C0E6}.AppStore|x86.Build.0 = Release|Any CPU
		{D73F1DD2-1EEC-4900-A452-DC661F17C0E6}.Debug|Any CPU.ActiveCfg = Debug|Any CPU
		{D73F1DD2-1EEC-4900-A452-DC661F17C0E6}.Debug|Any CPU.Build.0 = Debug|Any CPU
		{D73F1DD2-1EEC-4900-A452-DC661F17C0E6}.Debug|ARM.ActiveCfg = Debug|Any CPU
		{D73F1DD2-1EEC-4900-A452-DC661F17C0E6}.Debug|ARM.Build.0 = Debug|Any CPU
		{D73F1DD2-1EEC-4900-A452-DC661F17C0E6}.Debug|iPhone.ActiveCfg = Debug|Any CPU
		{D73F1DD2-1EEC-4900-A452-DC661F17C0E6}.Debug|iPhone.Build.0 = Debug|Any CPU
		{D73F1DD2-1EEC-4900-A452-DC661F17C0E6}.Debug|iPhoneSimulator.ActiveCfg = Debug|Any CPU
		{D73F1DD2-1EEC-4900-A452-DC661F17C0E6}.Debug|iPhoneSimulator.Build.0 = Debug|Any CPU
		{D73F1DD2-1EEC-4900-A452-DC661F17C0E6}.Debug|Mixed Platforms.ActiveCfg = Debug|Any CPU
		{D73F1DD2-1EEC-4900-A452-DC661F17C0E6}.Debug|Mixed Platforms.Build.0 = Debug|Any CPU
		{D73F1DD2-1EEC-4900-A452-DC661F17C0E6}.Debug|x64.ActiveCfg = Debug|Any CPU
		{D73F1DD2-1EEC-4900-A452-DC661F17C0E6}.Debug|x64.Build.0 = Debug|Any CPU
		{D73F1DD2-1EEC-4900-A452-DC661F17C0E6}.Debug|x86.ActiveCfg = Debug|Any CPU
		{D73F1DD2-1EEC-4900-A452-DC661F17C0E6}.Debug|x86.Build.0 = Debug|Any CPU
		{D73F1DD2-1EEC-4900-A452-DC661F17C0E6}.Release|Any CPU.ActiveCfg = Release|Any CPU
		{D73F1DD2-1EEC-4900-A452-DC661F17C0E6}.Release|Any CPU.Build.0 = Release|Any CPU
		{D73F1DD2-1EEC-4900-A452-DC661F17C0E6}.Release|ARM.ActiveCfg = Release|Any CPU
		{D73F1DD2-1EEC-4900-A452-DC661F17C0E6}.Release|ARM.Build.0 = Release|Any CPU
		{D73F1DD2-1EEC-4900-A452-DC661F17C0E6}.Release|iPhone.ActiveCfg = Release|Any CPU
		{D73F1DD2-1EEC-4900-A452-DC661F17C0E6}.Release|iPhone.Build.0 = Release|Any CPU
		{D73F1DD2-1EEC-4900-A452-DC661F17C0E6}.Release|iPhoneSimulator.ActiveCfg = Release|Any CPU
		{D73F1DD2-1EEC-4900-A452-DC661F17C0E6}.Release|iPhoneSimulator.Build.0 = Release|Any CPU
		{D73F1DD2-1EEC-4900-A452-DC661F17C0E6}.Release|Mixed Platforms.ActiveCfg = Release|Any CPU
		{D73F1DD2-1EEC-4900-A452-DC661F17C0E6}.Release|Mixed Platforms.Build.0 = Release|Any CPU
		{D73F1DD2-1EEC-4900-A452-DC661F17C0E6}.Release|x64.ActiveCfg = Release|Any CPU
		{D73F1DD2-1EEC-4900-A452-DC661F17C0E6}.Release|x64.Build.0 = Release|Any CPU
		{D73F1DD2-1EEC-4900-A452-DC661F17C0E6}.Release|x86.ActiveCfg = Release|Any CPU
		{D73F1DD2-1EEC-4900-A452-DC661F17C0E6}.Release|x86.Build.0 = Release|Any CPU
	EndGlobalSection
	GlobalSection(SolutionProperties) = preSolution
		HideSolutionNode = FALSE
	EndGlobalSection
	GlobalSection(NestedProjects) = preSolution
		{4120EA3F-C67C-4A92-9D2A-91260A8E7EA6} = {B5D16BF8-7906-4779-B9AD-270F3416201D}
		{CC78B56D-3C81-4391-9438-A1824BFEC843} = {B5D16BF8-7906-4779-B9AD-270F3416201D}
		{1D2DB3DD-42D0-48DE-BF68-93487F327628} = {B5D16BF8-7906-4779-B9AD-270F3416201D}
		{60541543-AD76-4C5B-BF82-6D26FE5C790D} = {B5D16BF8-7906-4779-B9AD-270F3416201D}
		{9AC0481F-5703-4801-8ECB-A6847075C900} = {B5D16BF8-7906-4779-B9AD-270F3416201D}
		{A6741442-8449-4B82-BC98-F4BD400501EF} = {B5D16BF8-7906-4779-B9AD-270F3416201D}
		{D73F1DD2-1EEC-4900-A452-DC661F17C0E6} = {B5D16BF8-7906-4779-B9AD-270F3416201D}
	EndGlobalSection
EndGlobal
